// !$*UTF8*$!
{
	archiveVersion = 1;
	classes = {
	};
	objectVersion = 48;
	objects = {

/* Begin PBXBuildFile section */
		6D3B37011FB0D18C000F5711 /* PersonCollectionViewCell.swift in Sources */ = {isa = PBXBuildFile; fileRef = 6D3B36FF1FB0D0B6000F5711 /* PersonCollectionViewCell.swift */; };
		6DF08DCB1FAB6BD600802E26 /* AppDelegate.swift in Sources */ = {isa = PBXBuildFile; fileRef = 6DF08DCA1FAB6BD600802E26 /* AppDelegate.swift */; };
		6DF08DD01FAB6BD600802E26 /* Main.storyboard in Resources */ = {isa = PBXBuildFile; fileRef = 6DF08DCE1FAB6BD600802E26 /* Main.storyboard */; };
		6DF08DD31FAB6BD600802E26 /* CoreDataDemos.xcdatamodeld in Sources */ = {isa = PBXBuildFile; fileRef = 6DF08DD11FAB6BD600802E26 /* CoreDataDemos.xcdatamodeld */; };
		6DF08DD51FAB6BD600802E26 /* Assets.xcassets in Resources */ = {isa = PBXBuildFile; fileRef = 6DF08DD41FAB6BD600802E26 /* Assets.xcassets */; };
		6DF08DD81FAB6BD600802E26 /* LaunchScreen.storyboard in Resources */ = {isa = PBXBuildFile; fileRef = 6DF08DD61FAB6BD600802E26 /* LaunchScreen.storyboard */; };
		6DF08DE21FAB76D200802E26 /* Person+CoreDataClass.swift in Sources */ = {isa = PBXBuildFile; fileRef = 6DF08DE01FAB76D200802E26 /* Person+CoreDataClass.swift */; };
		6DF08DE31FAB76D200802E26 /* Person+CoreDataProperties.swift in Sources */ = {isa = PBXBuildFile; fileRef = 6DF08DE11FAB76D200802E26 /* Person+CoreDataProperties.swift */; };
		6DF08DE51FAB781800802E26 /* JPerson.swift in Sources */ = {isa = PBXBuildFile; fileRef = 6DF08DE41FAB781800802E26 /* JPerson.swift */; };
		6DF08DE71FAB85C600802E26 /* DBManager.swift in Sources */ = {isa = PBXBuildFile; fileRef = 6DF08DE61FAB85C600802E26 /* DBManager.swift */; };
		6DF08DE91FABA18600802E26 /* AddPersonViewController.swift in Sources */ = {isa = PBXBuildFile; fileRef = 6DF08DE81FABA18600802E26 /* AddPersonViewController.swift */; };
		6DF08DEB1FABA1CE00802E26 /* PeopleCollectionViewController.swift in Sources */ = {isa = PBXBuildFile; fileRef = 6DF08DEA1FABA1CE00802E26 /* PeopleCollectionViewController.swift */; };
/* End PBXBuildFile section */

/* Begin PBXFileReference section */
		6D3B36FF1FB0D0B6000F5711 /* PersonCollectionViewCell.swift */ = {isa = PBXFileReference; lastKnownFileType = sourcecode.swift; path = PersonCollectionViewCell.swift; sourceTree = "<group>"; };
		6DF08DC71FAB6BD600802E26 /* CoreDataDemos.app */ = {isa = PBXFileReference; explicitFileType = wrapper.application; includeInIndex = 0; path = CoreDataDemos.app; sourceTree = BUILT_PRODUCTS_DIR; };
		6DF08DCA1FAB6BD600802E26 /* AppDelegate.swift */ = {isa = PBXFileReference; lastKnownFileType = sourcecode.swift; path = AppDelegate.swift; sourceTree = "<group>"; };
		6DF08DCF1FAB6BD600802E26 /* Base */ = {isa = PBXFileReference; lastKnownFileType = file.storyboard; name = Base; path = Base.lproj/Main.storyboard; sourceTree = "<group>"; };
		6DF08DD21FAB6BD600802E26 /* CoreDataDemos.xcdatamodel */ = {isa = PBXFileReference; lastKnownFileType = wrapper.xcdatamodel; path = CoreDataDemos.xcdatamodel; sourceTree = "<group>"; };
		6DF08DD41FAB6BD600802E26 /* Assets.xcassets */ = {isa = PBXFileReference; lastKnownFileType = folder.assetcatalog; path = Assets.xcassets; sourceTree = "<group>"; };
		6DF08DD71FAB6BD600802E26 /* Base */ = {isa = PBXFileReference; lastKnownFileType = file.storyboard; name = Base; path = Base.lproj/LaunchScreen.storyboard; sourceTree = "<group>"; };
		6DF08DD91FAB6BD600802E26 /* Info.plist */ = {isa = PBXFileReference; lastKnownFileType = text.plist.xml; path = Info.plist; sourceTree = "<group>"; };
		6DF08DE01FAB76D200802E26 /* Person+CoreDataClass.swift */ = {isa = PBXFileReference; lastKnownFileType = sourcecode.swift; path = "Person+CoreDataClass.swift"; sourceTree = "<group>"; };
		6DF08DE11FAB76D200802E26 /* Person+CoreDataProperties.swift */ = {isa = PBXFileReference; lastKnownFileType = sourcecode.swift; path = "Person+CoreDataProperties.swift"; sourceTree = "<group>"; };
		6DF08DE41FAB781800802E26 /* JPerson.swift */ = {isa = PBXFileReference; lastKnownFileType = sourcecode.swift; path = JPerson.swift; sourceTree = "<group>"; };
		6DF08DE61FAB85C600802E26 /* DBManager.swift */ = {isa = PBXFileReference; lastKnownFileType = sourcecode.swift; path = DBManager.swift; sourceTree = "<group>"; };
		6DF08DE81FABA18600802E26 /* AddPersonViewController.swift */ = {isa = PBXFileReference; lastKnownFileType = sourcecode.swift; path = AddPersonViewController.swift; sourceTree = "<group>"; };
		6DF08DEA1FABA1CE00802E26 /* PeopleCollectionViewController.swift */ = {isa = PBXFileReference; lastKnownFileType = sourcecode.swift; path = PeopleCollectionViewController.swift; sourceTree = "<group>"; };
/* End PBXFileReference section */

/* Begin PBXFrameworksBuildPhase section */
		6DF08DC41FAB6BD600802E26 /* Frameworks */ = {
			isa = PBXFrameworksBuildPhase;
			buildActionMask = 2147483647;
			files = (
			);
			runOnlyForDeploymentPostprocessing = 0;
		};
/* End PBXFrameworksBuildPhase section */

/* Begin PBXGroup section */
		6D3B36F91FB0C8F4000F5711 /* viewcontrollers */ = {
			isa = PBXGroup;
			children = (
				6DF08DE81FABA18600802E26 /* AddPersonViewController.swift */,
				6DF08DEA1FABA1CE00802E26 /* PeopleCollectionViewController.swift */,
			);
			path = viewcontrollers;
			sourceTree = "<group>";
		};
		6D3B36FA1FB0C909000F5711 /* layout */ = {
			isa = PBXGroup;
			children = (
				6DF08DCE1FAB6BD600802E26 /* Main.storyboard */,
				6DF08DD61FAB6BD600802E26 /* LaunchScreen.storyboard */,
				6D3B36FF1FB0D0B6000F5711 /* PersonCollectionViewCell.swift */,
			);
			path = layout;
			sourceTree = "<group>";
		};
		6D3B36FD1FB0CEE7000F5711 /* supportingfiles */ = {
			isa = PBXGroup;
			children = (
				6DF08DCA1FAB6BD600802E26 /* AppDelegate.swift */,
				6DF08DD41FAB6BD600802E26 /* Assets.xcassets */,
			);
			path = supportingfiles;
			sourceTree = "<group>";
		};
		6D3B36FE1FB0CF0B000F5711 /* database */ = {
			isa = PBXGroup;
			children = (
				6DF08DE41FAB781800802E26 /* JPerson.swift */,
				6DF08DE61FAB85C600802E26 /* DBManager.swift */,
				6DF08DD11FAB6BD600802E26 /* CoreDataDemos.xcdatamodeld */,
			);
			path = database;
			sourceTree = "<group>";
		};
		6DF08DBE1FAB6BD600802E26 = {
			isa = PBXGroup;
			children = (
				6DF08DC91FAB6BD600802E26 /* CoreDataDemos */,
				6DF08DC81FAB6BD600802E26 /* Products */,
			);
			sourceTree = "<group>";
		};
		6DF08DC81FAB6BD600802E26 /* Products */ = {
			isa = PBXGroup;
			children = (
				6DF08DC71FAB6BD600802E26 /* CoreDataDemos.app */,
			);
			name = Products;
			sourceTree = "<group>";
		};
		6DF08DC91FAB6BD600802E26 /* CoreDataDemos */ = {
			isa = PBXGroup;
			children = (
				6DF08DD91FAB6BD600802E26 /* Info.plist */,
				6D3B36FE1FB0CF0B000F5711 /* database */,
				6D3B36FD1FB0CEE7000F5711 /* supportingfiles */,
				6D3B36FA1FB0C909000F5711 /* layout */,
				6D3B36F91FB0C8F4000F5711 /* viewcontrollers */,
				6DF08DDF1FAB753700802E26 /* entities */,
			);
			path = CoreDataDemos;
			sourceTree = "<group>";
		};
		6DF08DDF1FAB753700802E26 /* entities */ = {
			isa = PBXGroup;
			children = (
				6DF08DE01FAB76D200802E26 /* Person+CoreDataClass.swift */,
				6DF08DE11FAB76D200802E26 /* Person+CoreDataProperties.swift */,
			);
			path = entities;
			sourceTree = "<group>";
		};
/* End PBXGroup section */

/* Begin PBXNativeTarget section */
		6DF08DC61FAB6BD600802E26 /* CoreDataDemos */ = {
			isa = PBXNativeTarget;
			buildConfigurationList = 6DF08DDC1FAB6BD600802E26 /* Build configuration list for PBXNativeTarget "CoreDataDemos" */;
			buildPhases = (
				6DF08DC31FAB6BD600802E26 /* Sources */,
				6DF08DC41FAB6BD600802E26 /* Frameworks */,
				6DF08DC51FAB6BD600802E26 /* Resources */,
			);
			buildRules = (
			);
			dependencies = (
			);
			name = CoreDataDemos;
			productName = CoreDataDemos;
			productReference = 6DF08DC71FAB6BD600802E26 /* CoreDataDemos.app */;
			productType = "com.apple.product-type.application";
		};
/* End PBXNativeTarget section */

/* Begin PBXProject section */
		6DF08DBF1FAB6BD600802E26 /* Project object */ = {
			isa = PBXProject;
			attributes = {
				LastSwiftUpdateCheck = 0900;
				LastUpgradeCheck = 0900;
				ORGANIZATIONNAME = hackeru;
				TargetAttributes = {
					6DF08DC61FAB6BD600802E26 = {
						CreatedOnToolsVersion = 9.0.1;
						ProvisioningStyle = Manual;
					};
				};
			};
			buildConfigurationList = 6DF08DC21FAB6BD600802E26 /* Build configuration list for PBXProject "CoreDataDemos" */;
			compatibilityVersion = "Xcode 8.0";
			developmentRegion = en;
			hasScannedForEncodings = 0;
			knownRegions = (
				en,
				Base,
			);
			mainGroup = 6DF08DBE1FAB6BD600802E26;
			productRefGroup = 6DF08DC81FAB6BD600802E26 /* Products */;
			projectDirPath = "";
			projectRoot = "";
			targets = (
				6DF08DC61FAB6BD600802E26 /* CoreDataDemos */,
			);
		};
/* End PBXProject section */

/* Begin PBXResourcesBuildPhase section */
		6DF08DC51FAB6BD600802E26 /* Resources */ = {
			isa = PBXResourcesBuildPhase;
			buildActionMask = 2147483647;
			files = (
				6DF08DD81FAB6BD600802E26 /* LaunchScreen.storyboard in Resources */,
				6DF08DD51FAB6BD600802E26 /* Assets.xcassets in Resources */,
				6DF08DD01FAB6BD600802E26 /* Main.storyboard in Resources */,
			);
			runOnlyForDeploymentPostprocessing = 0;
		};
/* End PBXResourcesBuildPhase section */

/* Begin PBXSourcesBuildPhase section */
		6DF08DC31FAB6BD600802E26 /* Sources */ = {
			isa = PBXSourcesBuildPhase;
			buildActionMask = 2147483647;
			files = (
				6DF08DE21FAB76D200802E26 /* Person+CoreDataClass.swift in Sources */,
				6DF08DE31FAB76D200802E26 /* Person+CoreDataProperties.swift in Sources */,
				6DF08DCB1FAB6BD600802E26 /* AppDelegate.swift in Sources */,
				6DF08DEB1FABA1CE00802E26 /* PeopleCollectionViewController.swift in Sources */,
				6D3B37011FB0D18C000F5711 /* PersonCollectionViewCell.swift in Sources */,
				6DF08DD31FAB6BD600802E26 /* CoreDataDemos.xcdatamodeld in Sources */,
				6DF08DE51FAB781800802E26 /* JPerson.swift in Sources */,
				6DF08DE71FAB85C600802E26 /* DBManager.swift in Sources */,
				6DF08DE91FABA18600802E26 /* AddPersonViewController.swift in Sources */,
			);
			runOnlyForDeploymentPostprocessing = 0;
		};
/* End PBXSourcesBuildPhase section */

/* Begin PBXVariantGroup section */
		6DF08DCE1FAB6BD600802E26 /* Main.storyboard */ = {
			isa = PBXVariantGroup;
			children = (
				6DF08DCF1FAB6BD600802E26 /* Base */,
			);
			name = Main.storyboard;
			sourceTree = "<group>";
		};
		6DF08DD61FAB6BD600802E26 /* LaunchScreen.storyboard */ = {
			isa = PBXVariantGroup;
			children = (
				6DF08DD71FAB6BD600802E26 /* Base */,
			);
			name = LaunchScreen.storyboard;
			sourceTree = "<group>";
		};
/* End PBXVariantGroup section */

/* Begin XCBuildConfiguration section */
		6DF08DDA1FAB6BD600802E26 /* Debug */ = {
			isa = XCBuildConfiguration;
			buildSettings = {
				ALWAYS_SEARCH_USER_PATHS = NO;
				CLANG_ANALYZER_NONNULL = YES;
				CLANG_ANALYZER_NUMBER_OBJECT_CONVERSION = YES_AGGRESSIVE;
				CLANG_CXX_LANGUAGE_STANDARD = "gnu++14";
				CLANG_CXX_LIBRARY = "libc++";
				CLANG_ENABLE_MODULES = YES;
				CLANG_ENABLE_OBJC_ARC = YES;
				CLANG_WARN_BLOCK_CAPTURE_AUTORELEASING = YES;
				CLANG_WARN_BOOL_CONVERSION = YES;
				CLANG_WARN_COMMA = YES;
				CLANG_WARN_CONSTANT_CONVERSION = YES;
				CLANG_WARN_DIRECT_OBJC_ISA_USAGE = YES_ERROR;
				CLANG_WARN_DOCUMENTATION_COMMENTS = YES;
				CLANG_WARN_EMPTY_BODY = YES;
				CLANG_WARN_ENUM_CONVERSION = YES;
				CLANG_WARN_INFINITE_RECURSION = YES;
				CLANG_WARN_INT_CONVERSION = YES;
				CLANG_WARN_NON_LITERAL_NULL_CONVERSION = YES;
				CLANG_WARN_OBJC_LITERAL_CONVERSION = YES;
				CLANG_WARN_OBJC_ROOT_CLASS = YES_ERROR;
				CLANG_WARN_RANGE_LOOP_ANALYSIS = YES;
				CLANG_WARN_STRICT_PROTOTYPES = YES;
				CLANG_WARN_SUSPICIOUS_MOVE = YES;
				CLANG_WARN_UNGUARDED_AVAILABILITY = YES_AGGRESSIVE;
				CLANG_WARN_UNREACHABLE_CODE = YES;
				CLANG_WARN__DUPLICATE_METHOD_MATCH = YES;
				CODE_SIGN_IDENTITY = "iPhone Developer";
				COPY_PHASE_STRIP = NO;
				DEBUG_INFORMATION_FORMAT = dwarf;
				ENABLE_STRICT_OBJC_MSGSEND = YES;
				ENABLE_TESTABILITY = YES;
				GCC_C_LANGUAGE_STANDARD = gnu11;
				GCC_DYNAMIC_NO_PIC = NO;
				GCC_NO_COMMON_BLOCKS = YES;
				GCC_OPTIMIZATION_LEVEL = 0;
				GCC_PREPROCESSOR_DEFINITIONS = (
					"DEBUG=1",
					"$(inherited)",
				);
				GCC_WARN_64_TO_32_BIT_CONVERSION = YES;
				GCC_WARN_ABOUT_RETURN_TYPE = YES_ERROR;
				GCC_WARN_UNDECLARED_SELECTOR = YES;
				GCC_WARN_UNINITIALIZED_AUTOS = YES_AGGRESSIVE;
				GCC_WARN_UNUSED_FUNCTION = YES;
				GCC_WARN_UNUSED_VARIABLE = YES;
				IPHONEOS_DEPLOYMENT_TARGET = 11.0;
				MTL_ENABLE_DEBUG_INFO = YES;
				ONLY_ACTIVE_ARCH = YES;
				SDKROOT = iphoneos;
				SWIFT_ACTIVE_COMPILATION_CONDITIONS = DEBUG;
				SWIFT_OPTIMIZATION_LEVEL = "-Onone";
			};
			name = Debug;
		};
		6DF08DDB1FAB6BD600802E26 /* Release */ = {
			isa = XCBuildConfiguration;
			buildSettings = {
				ALWAYS_SEARCH_USER_PATHS = NO;
				CLANG_ANALYZER_NONNULL = YES;
				CLANG_ANALYZER_NUMBER_OBJECT_CONVERSION = YES_AGGRESSIVE;
				CLANG_CXX_LANGUAGE_STANDARD = "gnu++14";
				CLANG_CXX_LIBRARY = "libc++";
				CLANG_ENABLE_MODULES = YES;
				CLANG_ENABLE_OBJC_ARC = YES;
				CLANG_WARN_BLOCK_CAPTURE_AUTORELEASING = YES;
				CLANG_WARN_BOOL_CONVERSION = YES;
				CLANG_WARN_COMMA = YES;
				CLANG_WARN_CONSTANT_CONVERSION = YES;
				CLANG_WARN_DIRECT_OBJC_ISA_USAGE = YES_ERROR;
				CLANG_WARN_DOCUMENTATION_COMMENTS = YES;
				CLANG_WARN_EMPTY_BODY = YES;
				CLANG_WARN_ENUM_CONVERSION = YES;
				CLANG_WARN_INFINITE_RECURSION = YES;
				CLANG_WARN_INT_CONVERSION = YES;
				CLANG_WARN_NON_LITERAL_NULL_CONVERSION = YES;
				CLANG_WARN_OBJC_LITERAL_CONVERSION = YES;
				CLANG_WARN_OBJC_ROOT_CLASS = YES_ERROR;
				CLANG_WARN_RANGE_LOOP_ANALYSIS = YES;
				CLANG_WARN_STRICT_PROTOTYPES = YES;
				CLANG_WARN_SUSPICIOUS_MOVE = YES;
				CLANG_WARN_UNGUARDED_AVAILABILITY = YES_AGGRESSIVE;
				CLANG_WARN_UNREACHABLE_CODE = YES;
				CLANG_WARN__DUPLICATE_METHOD_MATCH = YES;
				CODE_SIGN_IDENTITY = "iPhone Developer";
				COPY_PHASE_STRIP = NO;
				DEBUG_INFORMATION_FORMAT = "dwarf-with-dsym";
				ENABLE_NS_ASSERTIONS = NO;
				ENABLE_STRICT_OBJC_MSGSEND = YES;
				GCC_C_LANGUAGE_STANDARD = gnu11;
				GCC_NO_COMMON_BLOCKS = YES;
				GCC_WARN_64_TO_32_BIT_CONVERSION = YES;
				GCC_WARN_ABOUT_RETURN_TYPE = YES_ERROR;
				GCC_WARN_UNDECLARED_SELECTOR = YES;
				GCC_WARN_UNINITIALIZED_AUTOS = YES_AGGRESSIVE;
				GCC_WARN_UNUSED_FUNCTION = YES;
				GCC_WARN_UNUSED_VARIABLE = YES;
				IPHONEOS_DEPLOYMENT_TARGET = 11.0;
				MTL_ENABLE_DEBUG_INFO = NO;
				SDKROOT = iphoneos;
				SWIFT_OPTIMIZATION_LEVEL = "-Owholemodule";
				VALIDATE_PRODUCT = YES;
			};
			name = Release;
		};
		6DF08DDD1FAB6BD600802E26 /* Debug */ = {
			isa = XCBuildConfiguration;
			buildSettings = {
				ASSETCATALOG_COMPILER_APPICON_NAME = AppIcon;
				CODE_SIGN_STYLE = Manual;
				DEVELOPMENT_TEAM = "";
				INFOPLIST_FILE = CoreDataDemos/Info.plist;
				LD_RUNPATH_SEARCH_PATHS = "$(inherited) @executable_path/Frameworks";
				PRODUCT_BUNDLE_IDENTIFIER = hackeru.CoreDataDemos;
				PRODUCT_NAME = "$(TARGET_NAME)";
				PROVISIONING_PROFILE_SPECIFIER = "";
				SWIFT_VERSION = 4.0;
				TARGETED_DEVICE_FAMILY = "1,2";
			};
			name = Debug;
		};
		6DF08DDE1FAB6BD600802E26 /* Release */ = {
			isa = XCBuildConfiguration;
			buildSettings = {
				ASSETCATALOG_COMPILER_APPICON_NAME = AppIcon;
				CODE_SIGN_STYLE = Manual;
				DEVELOPMENT_TEAM = "";
				INFOPLIST_FILE = CoreDataDemos/Info.plist;
				LD_RUNPATH_SEARCH_PATHS = "$(inherited) @executable_path/Frameworks";
				PRODUCT_BUNDLE_IDENTIFIER = hackeru.CoreDataDemos;
				PRODUCT_NAME = "$(TARGET_NAME)";
				PROVISIONING_PROFILE_SPECIFIER = "";
				SWIFT_VERSION = 4.0;
				TARGETED_DEVICE_FAMILY = "1,2";
			};
			name = Release;
		};
/* End XCBuildConfiguration section */

/* Begin XCConfigurationList section */
		6DF08DC21FAB6BD600802E26 /* Build configuration list for PBXProject "CoreDataDemos" */ = {
			isa = XCConfigurationList;
			buildConfigurations = (
				6DF08DDA1FAB6BD600802E26 /* Debug */,
				6DF08DDB1FAB6BD600802E26 /* Release */,
			);
			defaultConfigurationIsVisible = 0;
			defaultConfigurationName = Release;
		};
		6DF08DDC1FAB6BD600802E26 /* Build configuration list for PBXNativeTarget "CoreDataDemos" */ = {
			isa = XCConfigurationList;
			buildConfigurations = (
				6DF08DDD1FAB6BD600802E26 /* Debug */,
				6DF08DDE1FAB6BD600802E26 /* Release */,
			);
			defaultConfigurationIsVisible = 0;
			defaultConfigurationName = Release;
		};
/* End XCConfigurationList section */

/* Begin XCVersionGroup section */
		6DF08DD11FAB6BD600802E26 /* CoreDataDemos.xcdatamodeld */ = {
			isa = XCVersionGroup;
			children = (
				6DF08DD21FAB6BD600802E26 /* CoreDataDemos.xcdatamodel */,
			);
			currentVersion = 6DF08DD21FAB6BD600802E26 /* CoreDataDemos.xcdatamodel */;
			path = CoreDataDemos.xcdatamodeld;
			sourceTree = "<group>";
			versionGroupType = wrapper.xcdatamodel;
		};
/* End XCVersionGroup section */
	};
	rootObject = 6DF08DBF1FAB6BD600802E26 /* Project object */;
}
